
Microsoft Visual Studio Solution File, Format Version 12.00
# Visual Studio Version 16
VisualStudioVersion = 16.0.30621.155
MinimumVisualStudioVersion = 10.0.40219.1
Project("{FAE04EC0-301F-11D3-BF4B-00C04F79EFBC}") = "StoryFine", "StoryFine\StoryFine.csproj", "{1F4BAE41-B759-425B-8982-AF2DBCC6E43D}"
EndProject
Global
	GlobalSection(SolutionConfigurationPlatforms) = preSolution
		Debug|Any CPU = Debug|Any CPU
		Release|Any CPU = Release|Any CPU
	EndGlobalSection
	GlobalSection(ProjectConfigurationPlatforms) = postSolution
		{1F4BAE41-B759-425B-8982-AF2DBCC6E43D}.Debug|Any CPU.ActiveCfg = Release|Any CPU
		{1F4BAE41-B759-425B-8982-AF2DBCC6E43D}.Debug|Any CPU.Build.0 = Release|Any CPU
		{1F4BAE41-B759-425B-8982-AF2DBCC6E43D}.Release|Any CPU.ActiveCfg = Release|Any CPU
		{1F4BAE41-B759-425B-8982-AF2DBCC6E43D}.Release|Any CPU.Build.0 = Release|Any CPU
	EndGlobalSection
	GlobalSection(SolutionProperties) = preSolution
		HideSolutionNode = FALSE
	EndGlobalSection
	GlobalSection(ExtensibilityGlobals) = postSolution
		SolutionGuid = {2C9A4EC9-DCFF-4A4C-94D1-36BB35019F09}
	EndGlobalSection
EndGlobal
